
Microsoft Visual Studio Solution File, Format Version 12.00
# Visual Studio Version 17
VisualStudioVersion = 17.3.32922.545
MinimumVisualStudioVersion = 10.0.40219.1
Project("{9A19103F-16F7-4668-BE54-9A1E7A4F7556}") = "ValuedInBE", "app\ValuedInBE.csproj", "{0686E25F-DD31-4E28-8DF4-1474CAC7C6FF}"
EndProject
Project("{FAE04EC0-301F-11D3-BF4B-00C04F79EFBC}") = "ValuedInBEIntegrationTests", "tests\ValuedInBEIntegrationTests\ValuedInBEIntegrationTests.csproj", "{AE1D9212-09E2-45A9-A6DC-5A8FCA1053EE}"
EndProject
Project("{9A19103F-16F7-4668-BE54-9A1E7A4F7556}") = "ValuedInBEUnitTests", "tests\ValuedInBEUnitTests\ValuedInBEUnitTests.csproj", "{60011992-29DB-4090-AF24-78B3A3AEC9CF}"
EndProject
Project("{2150E333-8FDC-42A3-9474-1A3956D46DE8}") = "Solution Items", "Solution Items", "{B7938E8F-8C85-4162-8E69-EA18DB8E0844}"
	ProjectSection(SolutionItems) = preProject
		.dockerignore = .dockerignore
		.editorconfig = .editorconfig
		.gitattributes = .gitattributes
		.gitignore = .gitignore
		build.cake = build.cake
	EndProjectSection
EndProject
Global
	GlobalSection(SolutionConfigurationPlatforms) = preSolution
		Debug|Any CPU = Debug|Any CPU
		Release|Any CPU = Release|Any CPU
	EndGlobalSection
	GlobalSection(ProjectConfigurationPlatforms) = postSolution
		{0686E25F-DD31-4E28-8DF4-1474CAC7C6FF}.Debug|Any CPU.ActiveCfg = Debug|Any CPU
		{0686E25F-DD31-4E28-8DF4-1474CAC7C6FF}.Debug|Any CPU.Build.0 = Debug|Any CPU
		{0686E25F-DD31-4E28-8DF4-1474CAC7C6FF}.Release|Any CPU.ActiveCfg = Release|Any CPU
		{0686E25F-DD31-4E28-8DF4-1474CAC7C6FF}.Release|Any CPU.Build.0 = Release|Any CPU
		{AE1D9212-09E2-45A9-A6DC-5A8FCA1053EE}.Debug|Any CPU.ActiveCfg = Debug|Any CPU
		{AE1D9212-09E2-45A9-A6DC-5A8FCA1053EE}.Debug|Any CPU.Build.0 = Debug|Any CPU
		{AE1D9212-09E2-45A9-A6DC-5A8FCA1053EE}.Release|Any CPU.ActiveCfg = Release|Any CPU
		{AE1D9212-09E2-45A9-A6DC-5A8FCA1053EE}.Release|Any CPU.Build.0 = Release|Any CPU
		{60011992-29DB-4090-AF24-78B3A3AEC9CF}.Debug|Any CPU.ActiveCfg = Debug|Any CPU
		{60011992-29DB-4090-AF24-78B3A3AEC9CF}.Debug|Any CPU.Build.0 = Debug|Any CPU
		{60011992-29DB-4090-AF24-78B3A3AEC9CF}.Release|Any CPU.ActiveCfg = Release|Any CPU
		{60011992-29DB-4090-AF24-78B3A3AEC9CF}.Release|Any CPU.Build.0 = Release|Any CPU
	EndGlobalSection
	GlobalSection(SolutionProperties) = preSolution
		HideSolutionNode = FALSE
	EndGlobalSection
	GlobalSection(ExtensibilityGlobals) = postSolution
		SolutionGuid = {83BC8E0F-336E-4F54-91DA-E866E8C2989D}
	EndGlobalSection
EndGlobal
